# Alpine v3.22 main/loongarch64 packages used by the native C toolchain.
# Format: SHA256  FILENAME
1b1ebc726e4379a1b16f9a881aa3649b6b4c0705d36a2dbc9b6bbe16c5328553  binutils-2.44-r3.apk
0a134b8677a979e755d6d80b643ca97db9f9e43339733ced0080098f001aca62  gcc-14.2.0-r6.apk
62f22e875f1b6556da65d2de345757c1b08d7672f6b6696a166e14fc1701176b  gmp-6.3.0-r3.apk
5d7b777fcaaa3314ef4a7e5f0c6f07cfcecb8d61c27af026b7a421e7d6e37b2d  isl26-0.26-r1.apk
32aedbedd98222f496bcdefbba2996ecf09ae82354fa78f4d38b5dddc7614dfc  jansson-2.14.1-r0.apk
2cb16c6412b1e345263f0b41cfd57b24ec59d0d34b45eefb0c5b83b7b8312efd  libatomic-14.2.0-r6.apk
2fe75802b0aab66e979821d35181142dfd3e1f3d6a052ad4edec4eff93172946  libgcc-14.2.0-r6.apk
572701b07d53e0ffdc698949e996b59b5974deb534a5f80d5b37fd29c81d3200  libgomp-14.2.0-r6.apk
922ba4b57dddb9f5fe4b3df9d1bcedbbe28c12c4c7cf18f86a5e20e6d9cb566c  libstdc++-14.2.0-r6.apk
dbd3b14117e240d25924c9ce6310503e02d98f15208f1d006447d7ec0c5959f7  linux-headers-6.14.2-r0.apk
e29f7ba78c424194460f1455730eac528acad69e140956a3c6a9f48cbd1db584  mpc1-1.3.1-r1.apk
8c0cb146b86f5e4d184f8824d86a9fc46a0d144498308a3817c4984f56923509  mpfr4-4.2.1_p1-r0.apk
669c4e918eca5ea292499e03e0d226e62cae4da68f5f3ac0e359077d7e6de658  musl-1.2.5-r12.apk
3b0a8c2357948834d97727fc7e206dcb1d00b1a0533fe0092540934b0d6e6ca3  musl-dev-1.2.5-r12.apk
d1857035bff84fb067e26f92e43275b17e2774a7250cab4fa2627a058421f061  zlib-1.3.2-r0.apk
65822d3aeccf357935ffea583719b9b7bc6d67727aefa8e381533b9ec82b13c6  zstd-libs-1.5.7-r0.apk
